// !$*UTF8*$!
{
	archiveVersion = 1;
	classes = {
	};
	objectVersion = 55;
	objects = {

/* Begin PBXBuildFile section */
		4976D1302710843E009C5AC2 /* GLappApp.swift in Sources */ = {isa = PBXBuildFile; fileRef = 4976D12F2710843E009C5AC2 /* GLappApp.swift */; };
		4976D1322710843E009C5AC2 /* ContentView.swift in Sources */ = {isa = PBXBuildFile; fileRef = 4976D1312710843E009C5AC2 /* ContentView.swift */; };
		4976D13427108441009C5AC2 /* Assets.xcassets in Resources */ = {isa = PBXBuildFile; fileRef = 4976D13327108441009C5AC2 /* Assets.xcassets */; };
		4976D13727108441009C5AC2 /* Preview Assets.xcassets in Resources */ = {isa = PBXBuildFile; fileRef = 4976D13627108441009C5AC2 /* Preview Assets.xcassets */; };
		4976D14127108442009C5AC2 /* GLappTests.swift in Sources */ = {isa = PBXBuildFile; fileRef = 4976D14027108442009C5AC2 /* GLappTests.swift */; };
		4976D14B27108442009C5AC2 /* GLappUITests.swift in Sources */ = {isa = PBXBuildFile; fileRef = 4976D14A27108442009C5AC2 /* GLappUITests.swift */; };
		4976D14D27108442009C5AC2 /* GLappUITestsLaunchTests.swift in Sources */ = {isa = PBXBuildFile; fileRef = 4976D14C27108442009C5AC2 /* GLappUITestsLaunchTests.swift */; };
/* End PBXBuildFile section */

/* Begin PBXContainerItemProxy section */
		4976D13D27108442009C5AC2 /* PBXContainerItemProxy */ = {
			isa = PBXContainerItemProxy;
			containerPortal = 4976D1242710843E009C5AC2 /* Project object */;
			proxyType = 1;
			remoteGlobalIDString = 4976D12B2710843E009C5AC2;
			remoteInfo = GLapp;
		};
		4976D14727108442009C5AC2 /* PBXContainerItemProxy */ = {
			isa = PBXContainerItemProxy;
			containerPortal = 4976D1242710843E009C5AC2 /* Project object */;
			proxyType = 1;
			remoteGlobalIDString = 4976D12B2710843E009C5AC2;
			remoteInfo = GLapp;
		};
/* End PBXContainerItemProxy section */

/* Begin PBXFileReference section */
		4976D12C2710843E009C5AC2 /* GLapp.app */ = {isa = PBXFileReference; explicitFileType = wrapper.application; includeInIndex = 0; path = GLapp.app; sourceTree = BUILT_PRODUCTS_DIR; };
		4976D12F2710843E009C5AC2 /* GLappApp.swift */ = {isa = PBXFileReference; lastKnownFileType = sourcecode.swift; path = GLappApp.swift; sourceTree = "<group>"; };
		4976D1312710843E009C5AC2 /* ContentView.swift */ = {isa = PBXFileReference; lastKnownFileType = sourcecode.swift; path = ContentView.swift; sourceTree = "<group>"; };
		4976D13327108441009C5AC2 /* Assets.xcassets */ = {isa = PBXFileReference; lastKnownFileType = folder.assetcatalog; path = Assets.xcassets; sourceTree = "<group>"; };
		4976D13627108441009C5AC2 /* Preview Assets.xcassets */ = {isa = PBXFileReference; lastKnownFileType = folder.assetcatalog; path = "Preview Assets.xcassets"; sourceTree = "<group>"; };
		4976D13C27108442009C5AC2 /* GLappTests.xctest */ = {isa = PBXFileReference; explicitFileType = wrapper.cfbundle; includeInIndex = 0; path = GLappTests.xctest; sourceTree = BUILT_PRODUCTS_DIR; };
		4976D14027108442009C5AC2 /* GLappTests.swift */ = {isa = PBXFileReference; lastKnownFileType = sourcecode.swift; path = GLappTests.swift; sourceTree = "<group>"; };
		4976D14627108442009C5AC2 /* GLappUITests.xctest */ = {isa = PBXFileReference; explicitFileType = wrapper.cfbundle; includeInIndex = 0; path = GLappUITests.xctest; sourceTree = BUILT_PRODUCTS_DIR; };
		4976D14A27108442009C5AC2 /* GLappUITests.swift */ = {isa = PBXFileReference; lastKnownFileType = sourcecode.swift; path = GLappUITests.swift; sourceTree = "<group>"; };
		4976D14C27108442009C5AC2 /* GLappUITestsLaunchTests.swift */ = {isa = PBXFileReference; lastKnownFileType = sourcecode.swift; path = GLappUITestsLaunchTests.swift; sourceTree = "<group>"; };
/* End PBXFileReference section */

/* Begin PBXFrameworksBuildPhase section */
		4976D1292710843E009C5AC2 /* Frameworks */ = {
			isa = PBXFrameworksBuildPhase;
			buildActionMask = 2147483647;
			files = (
			);
			runOnlyForDeploymentPostprocessing = 0;
		};
		4976D13927108442009C5AC2 /* Frameworks */ = {
			isa = PBXFrameworksBuildPhase;
			buildActionMask = 2147483647;
			files = (
			);
			runOnlyForDeploymentPostprocessing = 0;
		};
		4976D14327108442009C5AC2 /* Frameworks */ = {
			isa = PBXFrameworksBuildPhase;
			buildActionMask = 2147483647;
			files = (
			);
			runOnlyForDeploymentPostprocessing = 0;
		};
/* End PBXFrameworksBuildPhase section */

/* Begin PBXGroup section */
		4976D1232710843E009C5AC2 = {
			isa = PBXGroup;
			children = (
				4976D12E2710843E009C5AC2 /* GLapp */,
				4976D13F27108442009C5AC2 /* GLappTests */,
				4976D14927108442009C5AC2 /* GLappUITests */,
				4976D12D2710843E009C5AC2 /* Products */,
			);
			sourceTree = "<group>";
		};
		4976D12D2710843E009C5AC2 /* Products */ = {
			isa = PBXGroup;
			children = (
				4976D12C2710843E009C5AC2 /* GLapp.app */,
				4976D13C27108442009C5AC2 /* GLappTests.xctest */,
				4976D14627108442009C5AC2 /* GLappUITests.xctest */,
			);
			name = Products;
			sourceTree = "<group>";
		};
		4976D12E2710843E009C5AC2 /* GLapp */ = {
			isa = PBXGroup;
			children = (
				4976D12F2710843E009C5AC2 /* GLappApp.swift */,
				4976D1312710843E009C5AC2 /* ContentView.swift */,
				4976D13327108441009C5AC2 /* Assets.xcassets */,
				4976D13527108441009C5AC2 /* Preview Content */,
			);
			path = GLapp;
			sourceTree = "<group>";
		};
		4976D13527108441009C5AC2 /* Preview Content */ = {
			isa = PBXGroup;
			children = (
				4976D13627108441009C5AC2 /* Preview Assets.xcassets */,
			);
			path = "Preview Content";
			sourceTree = "<group>";
		};
		4976D13F27108442009C5AC2 /* GLappTests */ = {
			isa = PBXGroup;
			children = (
				4976D14027108442009C5AC2 /* GLappTests.swift */,
			);
			path = GLappTests;
			sourceTree = "<group>";
		};
		4976D14927108442009C5AC2 /* GLappUITests */ = {
			isa = PBXGroup;
			children = (
				4976D14A27108442009C5AC2 /* GLappUITests.swift */,
				4976D14C27108442009C5AC2 /* GLappUITestsLaunchTests.swift */,
			);
			path = GLappUITests;
			sourceTree = "<group>";
		};
/* End PBXGroup section */

/* Begin PBXNativeTarget section */
		4976D12B2710843E009C5AC2 /* GLapp */ = {
			isa = PBXNativeTarget;
			buildConfigurationList = 4976D15027108442009C5AC2 /* Build configuration list for PBXNativeTarget "GLapp" */;
			buildPhases = (
				4976D1282710843E009C5AC2 /* Sources */,
				4976D1292710843E009C5AC2 /* Frameworks */,
				4976D12A2710843E009C5AC2 /* Resources */,
			);
			buildRules = (
			);
			dependencies = (
			);
			name = GLapp;
			productName = GLapp;
			productReference = 4976D12C2710843E009C5AC2 /* GLapp.app */;
			productType = "com.apple.product-type.application";
		};
		4976D13B27108442009C5AC2 /* GLappTests */ = {
			isa = PBXNativeTarget;
			buildConfigurationList = 4976D15327108442009C5AC2 /* Build configuration list for PBXNativeTarget "GLappTests" */;
			buildPhases = (
				4976D13827108442009C5AC2 /* Sources */,
				4976D13927108442009C5AC2 /* Frameworks */,
				4976D13A27108442009C5AC2 /* Resources */,
			);
			buildRules = (
			);
			dependencies = (
				4976D13E27108442009C5AC2 /* PBXTargetDependency */,
			);
			name = GLappTests;
			productName = GLappTests;
			productReference = 4976D13C27108442009C5AC2 /* GLappTests.xctest */;
			productType = "com.apple.product-type.bundle.unit-test";
		};
		4976D14527108442009C5AC2 /* GLappUITests */ = {
			isa = PBXNativeTarget;
			buildConfigurationList = 4976D15627108442009C5AC2 /* Build configuration list for PBXNativeTarget "GLappUITests" */;
			buildPhases = (
				4976D14227108442009C5AC2 /* Sources */,
				4976D14327108442009C5AC2 /* Frameworks */,
				4976D14427108442009C5AC2 /* Resources */,
			);
			buildRules = (
			);
			dependencies = (
				4976D14827108442009C5AC2 /* PBXTargetDependency */,
			);
			name = GLappUITests;
			productName = GLappUITests;
			productReference = 4976D14627108442009C5AC2 /* GLappUITests.xctest */;
			productType = "com.apple.product-type.bundle.ui-testing";
		};
/* End PBXNativeTarget section */

/* Begin PBXProject section */
		4976D1242710843E009C5AC2 /* Project object */ = {
			isa = PBXProject;
			attributes = {
				BuildIndependentTargetsInParallel = 1;
				LastSwiftUpdateCheck = 1300;
				LastUpgradeCheck = 1300;
				TargetAttributes = {
					4976D12B2710843E009C5AC2 = {
						CreatedOnToolsVersion = 13.0;
					};
					4976D13B27108442009C5AC2 = {
						CreatedOnToolsVersion = 13.0;
						TestTargetID = 4976D12B2710843E009C5AC2;
					};
					4976D14527108442009C5AC2 = {
						CreatedOnToolsVersion = 13.0;
						TestTargetID = 4976D12B2710843E009C5AC2;
					};
				};
			};
			buildConfigurationList = 4976D1272710843E009C5AC2 /* Build configuration list for PBXProject "GLapp" */;
			compatibilityVersion = "Xcode 13.0";
			developmentRegion = en;
			hasScannedForEncodings = 0;
			knownRegions = (
				en,
				Base,
			);
			mainGroup = 4976D1232710843E009C5AC2;
			productRefGroup = 4976D12D2710843E009C5AC2 /* Products */;
			projectDirPath = "";
			projectRoot = "";
			targets = (
				4976D12B2710843E009C5AC2 /* GLapp */,
				4976D13B27108442009C5AC2 /* GLappTests */,
				4976D14527108442009C5AC2 /* GLappUITests */,
			);
		};
/* End PBXProject section */

/* Begin PBXResourcesBuildPhase section */
		4976D12A2710843E009C5AC2 /* Resources */ = {
			isa = PBXResourcesBuildPhase;
			buildActionMask = 2147483647;
			files = (
				4976D13727108441009C5AC2 /* Preview Assets.xcassets in Resources */,
				4976D13427108441009C5AC2 /* Assets.xcassets in Resources */,
			);
			runOnlyForDeploymentPostprocessing = 0;
		};
		4976D13A27108442009C5AC2 /* Resources */ = {
			isa = PBXResourcesBuildPhase;
			buildActionMask = 2147483647;
			files = (
			);
			runOnlyForDeploymentPostprocessing = 0;
		};
		4976D14427108442009C5AC2 /* Resources */ = {
			isa = PBXResourcesBuildPhase;
			buildActionMask = 2147483647;
			files = (
			);
			runOnlyForDeploymentPostprocessing = 0;
		};
/* End PBXResourcesBuildPhase section */

/* Begin PBXSourcesBuildPhase section */
		4976D1282710843E009C5AC2 /* Sources */ = {
			isa = PBXSourcesBuildPhase;
			buildActionMask = 2147483647;
			files = (
				4976D1322710843E009C5AC2 /* ContentView.swift in Sources */,
				4976D1302710843E009C5AC2 /* GLappApp.swift in Sources */,
			);
			runOnlyForDeploymentPostprocessing = 0;
		};
		4976D13827108442009C5AC2 /* Sources */ = {
			isa = PBXSourcesBuildPhase;
			buildActionMask = 2147483647;
			files = (
				4976D14127108442009C5AC2 /* GLappTests.swift in Sources */,
			);
			runOnlyForDeploymentPostprocessing = 0;
		};
		4976D14227108442009C5AC2 /* Sources */ = {
			isa = PBXSourcesBuildPhase;
			buildActionMask = 2147483647;
			files = (
				4976D14B27108442009C5AC2 /* GLappUITests.swift in Sources */,
				4976D14D27108442009C5AC2 /* GLappUITestsLaunchTests.swift in Sources */,
			);
			runOnlyForDeploymentPostprocessing = 0;
		};
/* End PBXSourcesBuildPhase section */

/* Begin PBXTargetDependency section */
		4976D13E27108442009C5AC2 /* PBXTargetDependency */ = {
			isa = PBXTargetDependency;
			target = 4976D12B2710843E009C5AC2 /* GLapp */;
			targetProxy = 4976D13D27108442009C5AC2 /* PBXContainerItemProxy */;
		};
		4976D14827108442009C5AC2 /* PBXTargetDependency */ = {
			isa = PBXTargetDependency;
			target = 4976D12B2710843E009C5AC2 /* GLapp */;
			targetProxy = 4976D14727108442009C5AC2 /* PBXContainerItemProxy */;
		};
/* End PBXTargetDependency section */

/* Begin XCBuildConfiguration section */
		4976D14E27108442009C5AC2 /* Debug */ = {
			isa = XCBuildConfiguration;
			buildSettings = {
				ALWAYS_SEARCH_USER_PATHS = NO;
				CLANG_ANALYZER_NONNULL = YES;
				CLANG_ANALYZER_NUMBER_OBJECT_CONVERSION = YES_AGGRESSIVE;
				CLANG_CXX_LANGUAGE_STANDARD = "gnu++17";
				CLANG_CXX_LIBRARY = "libc++";
				CLANG_ENABLE_MODULES = YES;
				CLANG_ENABLE_OBJC_ARC = YES;
				CLANG_ENABLE_OBJC_WEAK = YES;
				CLANG_WARN_BLOCK_CAPTURE_AUTORELEASING = YES;
				CLANG_WARN_BOOL_CONVERSION = YES;
				CLANG_WARN_COMMA = YES;
				CLANG_WARN_CONSTANT_CONVERSION = YES;
				CLANG_WARN_DEPRECATED_OBJC_IMPLEMENTATIONS = YES;
				CLANG_WARN_DIRECT_OBJC_ISA_USAGE = YES_ERROR;
				CLANG_WARN_DOCUMENTATION_COMMENTS = YES;
				CLANG_WARN_EMPTY_BODY = YES;
				CLANG_WARN_ENUM_CONVERSION = YES;
				CLANG_WARN_INFINITE_RECURSION = YES;
				CLANG_WARN_INT_CONVERSION = YES;
				CLANG_WARN_NON_LITERAL_NULL_CONVERSION = YES;
				CLANG_WARN_OBJC_IMPLICIT_RETAIN_SELF = YES;
				CLANG_WARN_OBJC_LITERAL_CONVERSION = YES;
				CLANG_WARN_OBJC_ROOT_CLASS = YES_ERROR;
				CLANG_WARN_QUOTED_INCLUDE_IN_FRAMEWORK_HEADER = YES;
				CLANG_WARN_RANGE_LOOP_ANALYSIS = YES;
				CLANG_WARN_STRICT_PROTOTYPES = YES;
				CLANG_WARN_SUSPICIOUS_MOVE = YES;
				CLANG_WARN_UNGUARDED_AVAILABILITY = YES_AGGRESSIVE;
				CLANG_WARN_UNREACHABLE_CODE = YES;
				CLANG_WARN__DUPLICATE_METHOD_MATCH = YES;
				COPY_PHASE_STRIP = NO;
				DEBUG_INFORMATION_FORMAT = dwarf;
				ENABLE_STRICT_OBJC_MSGSEND = YES;
				ENABLE_TESTABILITY = YES;
				GCC_C_LANGUAGE_STANDARD = gnu11;
				GCC_DYNAMIC_NO_PIC = NO;
				GCC_NO_COMMON_BLOCKS = YES;
				GCC_OPTIMIZATION_LEVEL = 0;
				GCC_PREPROCESSOR_DEFINITIONS = (
					"DEBUG=1",
					"$(inherited)",
				);
				GCC_WARN_64_TO_32_BIT_CONVERSION = YES;
				GCC_WARN_ABOUT_RETURN_TYPE = YES_ERROR;
				GCC_WARN_UNDECLARED_SELECTOR = YES;
				GCC_WARN_UNINITIALIZED_AUTOS = YES_AGGRESSIVE;
				GCC_WARN_UNUSED_FUNCTION = YES;
				GCC_WARN_UNUSED_VARIABLE = YES;
				IPHONEOS_DEPLOYMENT_TARGET = 15.0;
				MTL_ENABLE_DEBUG_INFO = INCLUDE_SOURCE;
				MTL_FAST_MATH = YES;
				ONLY_ACTIVE_ARCH = YES;
				SDKROOT = iphoneos;
				SWIFT_ACTIVE_COMPILATION_CONDITIONS = DEBUG;
				SWIFT_OPTIMIZATION_LEVEL = "-Onone";
			};
			name = Debug;
		};
		4976D14F27108442009C5AC2 /* Release */ = {
			isa = XCBuildConfiguration;
			buildSettings = {
				ALWAYS_SEARCH_USER_PATHS = NO;
				CLANG_ANALYZER_NONNULL = YES;
				CLANG_ANALYZER_NUMBER_OBJECT_CONVERSION = YES_AGGRESSIVE;
				CLANG_CXX_LANGUAGE_STANDARD = "gnu++17";
				CLANG_CXX_LIBRARY = "libc++";
				CLANG_ENABLE_MODULES = YES;
				CLANG_ENABLE_OBJC_ARC = YES;
				CLANG_ENABLE_OBJC_WEAK = YES;
				CLANG_WARN_BLOCK_CAPTURE_AUTORELEASING = YES;
				CLANG_WARN_BOOL_CONVERSION = YES;
				CLANG_WARN_COMMA = YES;
				CLANG_WARN_CONSTANT_CONVERSION = YES;
				CLANG_WARN_DEPRECATED_OBJC_IMPLEMENTATIONS = YES;
				CLANG_WARN_DIRECT_OBJC_ISA_USAGE = YES_ERROR;
				CLANG_WARN_DOCUMENTATION_COMMENTS = YES;
				CLANG_WARN_EMPTY_BODY = YES;
				CLANG_WARN_ENUM_CONVERSION = YES;
				CLANG_WARN_INFINITE_RECURSION = YES;
				CLANG_WARN_INT_CONVERSION = YES;
				CLANG_WARN_NON_LITERAL_NULL_CONVERSION = YES;
				CLANG_WARN_OBJC_IMPLICIT_RETAIN_SELF = YES;
				CLANG_WARN_OBJC_LITERAL_CONVERSION = YES;
				CLANG_WARN_OBJC_ROOT_CLASS = YES_ERROR;
				CLANG_WARN_QUOTED_INCLUDE_IN_FRAMEWORK_HEADER = YES;
				CLANG_WARN_RANGE_LOOP_ANALYSIS = YES;
				CLANG_WARN_STRICT_PROTOTYPES = YES;
				CLANG_WARN_SUSPICIOUS_MOVE = YES;
				CLANG_WARN_UNGUARDED_AVAILABILITY = YES_AGGRESSIVE;
				CLANG_WARN_UNREACHABLE_CODE = YES;
				CLANG_WARN__DUPLICATE_METHOD_MATCH = YES;
				COPY_PHASE_STRIP = NO;
				DEBUG_INFORMATION_FORMAT = "dwarf-with-dsym";
				ENABLE_NS_ASSERTIONS = NO;
				ENABLE_STRICT_OBJC_MSGSEND = YES;
				GCC_C_LANGUAGE_STANDARD = gnu11;
				GCC_NO_COMMON_BLOCKS = YES;
				GCC_WARN_64_TO_32_BIT_CONVERSION = YES;
				GCC_WARN_ABOUT_RETURN_TYPE = YES_ERROR;
				GCC_WARN_UNDECLARED_SELECTOR = YES;
				GCC_WARN_UNINITIALIZED_AUTOS = YES_AGGRESSIVE;
				GCC_WARN_UNUSED_FUNCTION = YES;
				GCC_WARN_UNUSED_VARIABLE = YES;
				IPHONEOS_DEPLOYMENT_TARGET = 15.0;
				MTL_ENABLE_DEBUG_INFO = NO;
				MTL_FAST_MATH = YES;
				SDKROOT = iphoneos;
				SWIFT_COMPILATION_MODE = wholemodule;
				SWIFT_OPTIMIZATION_LEVEL = "-O";
				VALIDATE_PRODUCT = YES;
			};
			name = Release;
		};
		4976D15127108442009C5AC2 /* Debug */ = {
			isa = XCBuildConfiguration;
			buildSettings = {
				ASSETCATALOG_COMPILER_APPICON_NAME = AppIcon;
				ASSETCATALOG_COMPILER_GLOBAL_ACCENT_COLOR_NAME = AccentColor;
				CODE_SIGN_STYLE = Automatic;
				CURRENT_PROJECT_VERSION = 1;
				DEVELOPMENT_ASSET_PATHS = "\"GLapp/Preview Content\"";
				DEVELOPMENT_TEAM = MHQFP8C3YS;
				ENABLE_PREVIEWS = YES;
				GENERATE_INFOPLIST_FILE = YES;
				INFOPLIST_KEY_UIApplicationSceneManifest_Generation = YES;
				INFOPLIST_KEY_UIApplicationSupportsIndirectInputEvents = YES;
				INFOPLIST_KEY_UILaunchScreen_Generation = YES;
				INFOPLIST_KEY_UISupportedInterfaceOrientations_iPad = "UIInterfaceOrientationPortrait UIInterfaceOrientationPortraitUpsideDown UIInterfaceOrientationLandscapeLeft UIInterfaceOrientationLandscapeRight";
				INFOPLIST_KEY_UISupportedInterfaceOrientations_iPhone = "UIInterfaceOrientationPortrait UIInterfaceOrientationLandscapeLeft UIInterfaceOrientationLandscapeRight";
				IPHONEOS_DEPLOYMENT_TARGET = 14.0;
				LD_RUNPATH_SEARCH_PATHS = (
					"$(inherited)",
					"@executable_path/Frameworks",
				);
				MARKETING_VERSION = 1.0;
				PRODUCT_BUNDLE_IDENTIFIER = com.mithem.GLapp;
				PRODUCT_NAME = "$(TARGET_NAME)";
				SWIFT_EMIT_LOC_STRINGS = YES;
				SWIFT_VERSION = 5.0;
				TARGETED_DEVICE_FAMILY = "1,2";
			};
			name = Debug;
		};
		4976D15227108442009C5AC2 /* Release */ = {
			isa = XCBuildConfiguration;
			buildSettings = {
				ASSETCATALOG_COMPILER_APPICON_NAME = AppIcon;
				ASSETCATALOG_COMPILER_GLOBAL_ACCENT_COLOR_NAME = AccentColor;
				CODE_SIGN_STYLE = Automatic;
				CURRENT_PROJECT_VERSION = 1;
				DEVELOPMENT_ASSET_PATHS = "\"GLapp/Preview Content\"";
				DEVELOPMENT_TEAM = MHQFP8C3YS;
				ENABLE_PREVIEWS = YES;
				GENERATE_INFOPLIST_FILE = YES;
				INFOPLIST_KEY_UIApplicationSceneManifest_Generation = YES;
				INFOPLIST_KEY_UIApplicationSupportsIndirectInputEvents = YES;
				INFOPLIST_KEY_UILaunchScreen_Generation = YES;
				INFOPLIST_KEY_UISupportedInterfaceOrientations_iPad = "UIInterfaceOrientationPortrait UIInterfaceOrientationPortraitUpsideDown UIInterfaceOrientationLandscapeLeft UIInterfaceOrientationLandscapeRight";
				INFOPLIST_KEY_UISupportedInterfaceOrientations_iPhone = "UIInterfaceOrientationPortrait UIInterfaceOrientationLandscapeLeft UIInterfaceOrientationLandscapeRight";
				IPHONEOS_DEPLOYMENT_TARGET = 14.0;
				LD_RUNPATH_SEARCH_PATHS = (
					"$(inherited)",
					"@executable_path/Frameworks",
				);
				MARKETING_VERSION = 1.0;
				PRODUCT_BUNDLE_IDENTIFIER = com.mithem.GLapp;
				PRODUCT_NAME = "$(TARGET_NAME)";
				SWIFT_EMIT_LOC_STRINGS = YES;
				SWIFT_VERSION = 5.0;
				TARGETED_DEVICE_FAMILY = "1,2";
			};
			name = Release;
		};
		4976D15427108442009C5AC2 /* Debug */ = {
			isa = XCBuildConfiguration;
			buildSettings = {
				ALWAYS_EMBED_SWIFT_STANDARD_LIBRARIES = YES;
				BUNDLE_LOADER = "$(TEST_HOST)";
				CODE_SIGN_STYLE = Automatic;
				CURRENT_PROJECT_VERSION = 1;
				DEVELOPMENT_TEAM = MHQFP8C3YS;
				GENERATE_INFOPLIST_FILE = YES;
				IPHONEOS_DEPLOYMENT_TARGET = 14.0;
				LD_RUNPATH_SEARCH_PATHS = (
					"$(inherited)",
					"@executable_path/Frameworks",
					"@loader_path/Frameworks",
				);
				MARKETING_VERSION = 1.0;
				PRODUCT_BUNDLE_IDENTIFIER = com.mithem.GLappTests;
				PRODUCT_NAME = "$(TARGET_NAME)";
				SWIFT_EMIT_LOC_STRINGS = NO;
				SWIFT_VERSION = 5.0;
				TARGETED_DEVICE_FAMILY = "1,2";
				TEST_HOST = "$(BUILT_PRODUCTS_DIR)/GLapp.app/GLapp";
			};
			name = Debug;
		};
		4976D15527108442009C5AC2 /* Release */ = {
			isa = XCBuildConfiguration;
			buildSettings = {
				ALWAYS_EMBED_SWIFT_STANDARD_LIBRARIES = YES;
				BUNDLE_LOADER = "$(TEST_HOST)";
				CODE_SIGN_STYLE = Automatic;
				CURRENT_PROJECT_VERSION = 1;
				DEVELOPMENT_TEAM = MHQFP8C3YS;
				GENERATE_INFOPLIST_FILE = YES;
				IPHONEOS_DEPLOYMENT_TARGET = 14.0;
				LD_RUNPATH_SEARCH_PATHS = (
					"$(inherited)",
					"@executable_path/Frameworks",
					"@loader_path/Frameworks",
				);
				MARKETING_VERSION = 1.0;
				PRODUCT_BUNDLE_IDENTIFIER = com.mithem.GLappTests;
				PRODUCT_NAME = "$(TARGET_NAME)";
				SWIFT_EMIT_LOC_STRINGS = NO;
				SWIFT_VERSION = 5.0;
				TARGETED_DEVICE_FAMILY = "1,2";
				TEST_HOST = "$(BUILT_PRODUCTS_DIR)/GLapp.app/GLapp";
			};
			name = Release;
		};
		4976D15727108442009C5AC2 /* Debug */ = {
			isa = XCBuildConfiguration;
			buildSettings = {
				ALWAYS_EMBED_SWIFT_STANDARD_LIBRARIES = YES;
				CODE_SIGN_STYLE = Automatic;
				CURRENT_PROJECT_VERSION = 1;
				DEVELOPMENT_TEAM = MHQFP8C3YS;
				GENERATE_INFOPLIST_FILE = YES;
				LD_RUNPATH_SEARCH_PATHS = (
					"$(inherited)",
					"@executable_path/Frameworks",
					"@loader_path/Frameworks",
				);
				MARKETING_VERSION = 1.0;
				PRODUCT_BUNDLE_IDENTIFIER = com.mithem.GLappUITests;
				PRODUCT_NAME = "$(TARGET_NAME)";
				SWIFT_EMIT_LOC_STRINGS = NO;
				SWIFT_VERSION = 5.0;
				TARGETED_DEVICE_FAMILY = "1,2";
				TEST_TARGET_NAME = GLapp;
			};
			name = Debug;
		};
		4976D15827108442009C5AC2 /* Release */ = {
			isa = XCBuildConfiguration;
			buildSettings = {
				ALWAYS_EMBED_SWIFT_STANDARD_LIBRARIES = YES;
				CODE_SIGN_STYLE = Automatic;
				CURRENT_PROJECT_VERSION = 1;
				DEVELOPMENT_TEAM = MHQFP8C3YS;
				GENERATE_INFOPLIST_FILE = YES;
				LD_RUNPATH_SEARCH_PATHS = (
					"$(inherited)",
					"@executable_path/Frameworks",
					"@loader_path/Frameworks",
				);
				MARKETING_VERSION = 1.0;
				PRODUCT_BUNDLE_IDENTIFIER = com.mithem.GLappUITests;
				PRODUCT_NAME = "$(TARGET_NAME)";
				SWIFT_EMIT_LOC_STRINGS = NO;
				SWIFT_VERSION = 5.0;
				TARGETED_DEVICE_FAMILY = "1,2";
				TEST_TARGET_NAME = GLapp;
			};
			name = Release;
		};
/* End XCBuildConfiguration section */

/* Begin XCConfigurationList section */
		4976D1272710843E009C5AC2 /* Build configuration list for PBXProject "GLapp" */ = {
			isa = XCConfigurationList;
			buildConfigurations = (
				4976D14E27108442009C5AC2 /* Debug */,
				4976D14F27108442009C5AC2 /* Release */,
			);
			defaultConfigurationIsVisible = 0;
			defaultConfigurationName = Release;
		};
		4976D15027108442009C5AC2 /* Build configuration list for PBXNativeTarget "GLapp" */ = {
			isa = XCConfigurationList;
			buildConfigurations = (
				4976D15127108442009C5AC2 /* Debug */,
				4976D15227108442009C5AC2 /* Release */,
			);
			defaultConfigurationIsVisible = 0;
			defaultConfigurationName = Release;
		};
		4976D15327108442009C5AC2 /* Build configuration list for PBXNativeTarget "GLappTests" */ = {
			isa = XCConfigurationList;
			buildConfigurations = (
				4976D15427108442009C5AC2 /* Debug */,
				4976D15527108442009C5AC2 /* Release */,
			);
			defaultConfigurationIsVisible = 0;
			defaultConfigurationName = Release;
		};
		4976D15627108442009C5AC2 /* Build configuration list for PBXNativeTarget "GLappUITests" */ = {
			isa = XCConfigurationList;
			buildConfigurations = (
				4976D15727108442009C5AC2 /* Debug */,
				4976D15827108442009C5AC2 /* Release */,
			);
			defaultConfigurationIsVisible = 0;
			defaultConfigurationName = Release;
		};
/* End XCConfigurationList section */
	};
	rootObject = 4976D1242710843E009C5AC2 /* Project object */;
}
